
Microsoft Visual Studio Solution File, Format Version 12.00
# Visual Studio Version 17
VisualStudioVersion = 17.14.37012.4 d17.14
MinimumVisualStudioVersion = 10.0.40219.1
Project("{FAE04EC0-301F-11D3-BF4B-00C04F79EFBC}") = "assignment-oop#01", "assignment-oop#01\assignment-oop#01.csproj", "{ABFE37FB-BBBA-4F23-9BEB-102AF2472FD3}"
EndProject
Global
	GlobalSection(SolutionConfigurationPlatforms) = preSolution
		Debug|Any CPU = Debug|Any CPU
		Release|Any CPU = Release|Any CPU
	EndGlobalSection
	GlobalSection(ProjectConfigurationPlatforms) = postSolution
		{ABFE37FB-BBBA-4F23-9BEB-102AF2472FD3}.Debug|Any CPU.ActiveCfg = Debug|Any CPU
		{ABFE37FB-BBBA-4F23-9BEB-102AF2472FD3}.Debug|Any CPU.Build.0 = Debug|Any CPU
		{ABFE37FB-BBBA-4F23-9BEB-102AF2472FD3}.Release|Any CPU.ActiveCfg = Release|Any CPU
		{ABFE37FB-BBBA-4F23-9BEB-102AF2472FD3}.Release|Any CPU.Build.0 = Release|Any CPU
	EndGlobalSection
	GlobalSection(SolutionProperties) = preSolution
		HideSolutionNode = FALSE
	EndGlobalSection
	GlobalSection(ExtensibilityGlobals) = postSolution
		SolutionGuid = {7D5403FF-1DDA-4372-9317-A1097AE8A07D}
	EndGlobalSection
EndGlobal
